
Microsoft Visual Studio Solution File, Format Version 12.00
# Visual Studio Version 17
VisualStudioVersion = 17.10.35122.118
MinimumVisualStudioVersion = 10.0.40219.1
Project("{9A19103F-16F7-4668-BE54-9A1E7A4F7556}") = "FullStack", "FullStack\FullStack.csproj", "{6EA64225-E111-4728-B817-2FEB1EBA79BE}"
EndProject
Project("{9A19103F-16F7-4668-BE54-9A1E7A4F7556}") = "DAL", "DAL\DAL.csproj", "{B3796333-C01B-4160-A35C-0BA766A50956}"
EndProject
Project("{9A19103F-16F7-4668-BE54-9A1E7A4F7556}") = "BL", "BL\BL.csproj", "{A56D9E99-3FC4-4120-9BBE-0A072AF330D3}"
EndProject
Global
	GlobalSection(SolutionConfigurationPlatforms) = preSolution
		Debug|Any CPU = Debug|Any CPU
		Release|Any CPU = Release|Any CPU
	EndGlobalSection
	GlobalSection(ProjectConfigurationPlatforms) = postSolution
		{6EA64225-E111-4728-B817-2FEB1EBA79BE}.Debug|Any CPU.ActiveCfg = Debug|Any CPU
		{6EA64225-E111-4728-B817-2FEB1EBA79BE}.Debug|Any CPU.Build.0 = Debug|Any CPU
		{6EA64225-E111-4728-B817-2FEB1EBA79BE}.Release|Any CPU.ActiveCfg = Release|Any CPU
		{6EA64225-E111-4728-B817-2FEB1EBA79BE}.Release|Any CPU.Build.0 = Release|Any CPU
		{B3796333-C01B-4160-A35C-0BA766A50956}.Debug|Any CPU.ActiveCfg = Debug|Any CPU
		{B3796333-C01B-4160-A35C-0BA766A50956}.Debug|Any CPU.Build.0 = Debug|Any CPU
		{B3796333-C01B-4160-A35C-0BA766A50956}.Release|Any CPU.ActiveCfg = Release|Any CPU
		{B3796333-C01B-4160-A35C-0BA766A50956}.Release|Any CPU.Build.0 = Release|Any CPU
		{A56D9E99-3FC4-4120-9BBE-0A072AF330D3}.Debug|Any CPU.ActiveCfg = Debug|Any CPU
		{A56D9E99-3FC4-4120-9BBE-0A072AF330D3}.Debug|Any CPU.Build.0 = Debug|Any CPU
		{A56D9E99-3FC4-4120-9BBE-0A072AF330D3}.Release|Any CPU.ActiveCfg = Release|Any CPU
		{A56D9E99-3FC4-4120-9BBE-0A072AF330D3}.Release|Any CPU.Build.0 = Release|Any CPU
	EndGlobalSection
	GlobalSection(SolutionProperties) = preSolution
		HideSolutionNode = FALSE
	EndGlobalSection
	GlobalSection(ExtensibilityGlobals) = postSolution
		SolutionGuid = {58FB7BFB-F70A-4CFD-A1AE-57717408370B}
	EndGlobalSection
EndGlobal
